
Microsoft Visual Studio Solution File, Format Version 12.00
# Visual Studio Version 16
VisualStudioVersion = 16.0.30611.23
MinimumVisualStudioVersion = 10.0.40219.1
Project("{FAE04EC0-301F-11D3-BF4B-00C04F79EFBC}") = "BZD", "BZD.csproj", "{0464286D-3991-4A27-9981-695085B96998}"
EndProject
Global
	GlobalSection(SolutionConfigurationPlatforms) = preSolution
		Debug|Any CPU = Debug|Any CPU
		Release|Any CPU = Release|Any CPU
	EndGlobalSection
	GlobalSection(ProjectConfigurationPlatforms) = postSolution
		{0464286D-3991-4A27-9981-695085B96998}.Debug|Any CPU.ActiveCfg = Debug|Any CPU
		{0464286D-3991-4A27-9981-695085B96998}.Debug|Any CPU.Build.0 = Debug|Any CPU
		{0464286D-3991-4A27-9981-695085B96998}.Release|Any CPU.ActiveCfg = Release|Any CPU
		{0464286D-3991-4A27-9981-695085B96998}.Release|Any CPU.Build.0 = Release|Any CPU
	EndGlobalSection
	GlobalSection(SolutionProperties) = preSolution
		HideSolutionNode = FALSE
	EndGlobalSection
	GlobalSection(ExtensibilityGlobals) = postSolution
		SolutionGuid = {A8414524-36BA-429D-89A4-0712120F40EC}
	EndGlobalSection
EndGlobal
